
Microsoft Visual Studio Solution File, Format Version 12.00
# Visual Studio 2012
Project("{FAE04EC0-301F-11D3-BF4B-00C04F79EFBC}") = "SimpleBudget.Website", "SimpleBudget.Website\SimpleBudget.Website.csproj", "{0EB6E8F9-4617-4C80-BA7F-14FED7B00002}"
EndProject
Project("{FAE04EC0-301F-11D3-BF4B-00C04F79EFBC}") = "SimpleBudget.Services", "SimpleBudget.Services\SimpleBudget.Services.csproj", "{1A82092F-5097-4C06-9752-A107DCE1ED7E}"
EndProject
Project("{FAE04EC0-301F-11D3-BF4B-00C04F79EFBC}") = "SimpleBudget.Data", "SimpleBudget.Data\SimpleBudget.Data.csproj", "{6202EE60-C8D5-4A46-8AFE-04D6D5CE9207}"
EndProject
Project("{FAE04EC0-301F-11D3-BF4B-00C04F79EFBC}") = "SimpleBudget", "SimpleBudget\SimpleBudget.csproj", "{097E00BB-E262-4EB3-8560-2D4B13122CEB}"
EndProject
Project("{FAE04EC0-301F-11D3-BF4B-00C04F79EFBC}") = "SimpleBudget.Tests", "SimpleBudget.Tests\SimpleBudget.Tests.csproj", "{A479E287-60FF-4C22-B1E7-5A1D0A27998A}"
EndProject
Project("{FAE04EC0-301F-11D3-BF4B-00C04F79EFBC}") = "SimpleBudget.DataMock", "SimpleBudget.DataMock\SimpleBudget.DataMock.csproj", "{64773BF5-DD1E-4667-9388-46EB02640B7E}"
EndProject
Project("{2150E333-8FDC-42A3-9474-1A3956D46DE8}") = "Tests", "Tests", "{01EC60BB-936D-47F5-8573-6FE05F10299E}"
EndProject
Project("{FAE04EC0-301F-11D3-BF4B-00C04F79EFBC}") = "SimpleBudget.Services.Tests", "SimpleBudget.Services.Tests\SimpleBudget.Services.Tests.csproj", "{44E5BD67-9C27-47DD-84DF-0863BF87EE27}"
EndProject
Global
	GlobalSection(SolutionConfigurationPlatforms) = preSolution
		Debug|Any CPU = Debug|Any CPU
		Release|Any CPU = Release|Any CPU
	EndGlobalSection
	GlobalSection(ProjectConfigurationPlatforms) = postSolution
		{0EB6E8F9-4617-4C80-BA7F-14FED7B00002}.Debug|Any CPU.ActiveCfg = Debug|Any CPU
		{0EB6E8F9-4617-4C80-BA7F-14FED7B00002}.Debug|Any CPU.Build.0 = Debug|Any CPU
		{0EB6E8F9-4617-4C80-BA7F-14FED7B00002}.Release|Any CPU.ActiveCfg = Release|Any CPU
		{0EB6E8F9-4617-4C80-BA7F-14FED7B00002}.Release|Any CPU.Build.0 = Release|Any CPU
		{1A82092F-5097-4C06-9752-A107DCE1ED7E}.Debug|Any CPU.ActiveCfg = Debug|Any CPU
		{1A82092F-5097-4C06-9752-A107DCE1ED7E}.Debug|Any CPU.Build.0 = Debug|Any CPU
		{1A82092F-5097-4C06-9752-A107DCE1ED7E}.Release|Any CPU.ActiveCfg = Release|Any CPU
		{1A82092F-5097-4C06-9752-A107DCE1ED7E}.Release|Any CPU.Build.0 = Release|Any CPU
		{6202EE60-C8D5-4A46-8AFE-04D6D5CE9207}.Debug|Any CPU.ActiveCfg = Debug|Any CPU
		{6202EE60-C8D5-4A46-8AFE-04D6D5CE9207}.Debug|Any CPU.Build.0 = Debug|Any CPU
		{6202EE60-C8D5-4A46-8AFE-04D6D5CE9207}.Release|Any CPU.ActiveCfg = Release|Any CPU
		{6202EE60-C8D5-4A46-8AFE-04D6D5CE9207}.Release|Any CPU.Build.0 = Release|Any CPU
		{097E00BB-E262-4EB3-8560-2D4B13122CEB}.Debug|Any CPU.ActiveCfg = Debug|Any CPU
		{097E00BB-E262-4EB3-8560-2D4B13122CEB}.Debug|Any CPU.Build.0 = Debug|Any CPU
		{097E00BB-E262-4EB3-8560-2D4B13122CEB}.Release|Any CPU.ActiveCfg = Release|Any CPU
		{097E00BB-E262-4EB3-8560-2D4B13122CEB}.Release|Any CPU.Build.0 = Release|Any CPU
		{A479E287-60FF-4C22-B1E7-5A1D0A27998A}.Debug|Any CPU.ActiveCfg = Debug|Any CPU
		{A479E287-60FF-4C22-B1E7-5A1D0A27998A}.Debug|Any CPU.Build.0 = Debug|Any CPU
		{A479E287-60FF-4C22-B1E7-5A1D0A27998A}.Release|Any CPU.ActiveCfg = Release|Any CPU
		{A479E287-60FF-4C22-B1E7-5A1D0A27998A}.Release|Any CPU.Build.0 = Release|Any CPU
		{64773BF5-DD1E-4667-9388-46EB02640B7E}.Debug|Any CPU.ActiveCfg = Debug|Any CPU
		{64773BF5-DD1E-4667-9388-46EB02640B7E}.Debug|Any CPU.Build.0 = Debug|Any CPU
		{64773BF5-DD1E-4667-9388-46EB02640B7E}.Release|Any CPU.ActiveCfg = Release|Any CPU
		{64773BF5-DD1E-4667-9388-46EB02640B7E}.Release|Any CPU.Build.0 = Release|Any CPU
		{44E5BD67-9C27-47DD-84DF-0863BF87EE27}.Debug|Any CPU.ActiveCfg = Debug|Any CPU
		{44E5BD67-9C27-47DD-84DF-0863BF87EE27}.Debug|Any CPU.Build.0 = Debug|Any CPU
		{44E5BD67-9C27-47DD-84DF-0863BF87EE27}.Release|Any CPU.ActiveCfg = Release|Any CPU
		{44E5BD67-9C27-47DD-84DF-0863BF87EE27}.Release|Any CPU.Build.0 = Release|Any CPU
	EndGlobalSection
	GlobalSection(SolutionProperties) = preSolution
		HideSolutionNode = FALSE
	EndGlobalSection
	GlobalSection(NestedProjects) = preSolution
		{A479E287-60FF-4C22-B1E7-5A1D0A27998A} = {01EC60BB-936D-47F5-8573-6FE05F10299E}
		{44E5BD67-9C27-47DD-84DF-0863BF87EE27} = {01EC60BB-936D-47F5-8573-6FE05F10299E}
	EndGlobalSection
EndGlobal
